
Microsoft Visual Studio Solution File, Format Version 12.00
# Visual Studio Version 17
VisualStudioVersion = 17.13.35913.81
MinimumVisualStudioVersion = 10.0.40219.1
Project("{2150E333-8FDC-42A3-9474-1A3956D46DE8}") = "Alertas.Domain", "Alertas.Domain", "{02EA681E-C7D8-13C7-8484-4AC65E1B71E8}"
EndProject
Project("{2150E333-8FDC-42A3-9474-1A3956D46DE8}") = "Alertas.Application", "Alertas.Application", "{128D28F9-CCEE-4E0A-A94C-7325423B6D84}"
EndProject
Project("{2150E333-8FDC-42A3-9474-1A3956D46DE8}") = "Alertas.Infra", "Alertas.Infra", "{97B94126-4882-4DB2-8B14-B8CA3C688F5B}"
EndProject
Project("{2150E333-8FDC-42A3-9474-1A3956D46DE8}") = "Alertas.Presentation", "Alertas.Presentation", "{65C5CB92-5E58-404B-9404-D7F26E6AE0C1}"
EndProject
Project("{2150E333-8FDC-42A3-9474-1A3956D46DE8}") = "Alertas.Subscriber", "Alertas.Subscriber", "{58D612D5-E4FD-4FE0-8543-59145FC14AA3}"
EndProject
Project("{FAE04EC0-301F-11D3-BF4B-00C04F79EFBC}") = "Alertas.Domain", "Alertas.Domain\Alertas.Domain.csproj", "{92EF9653-FA81-4D3C-9ADD-3689F95CB572}"
EndProject
Project("{FAE04EC0-301F-11D3-BF4B-00C04F79EFBC}") = "Alertas.Application.Services", "Alertas.Application.Services\Alertas.Application.Services.csproj", "{D4D9F762-1321-46CA-A440-9E29994D0AC8}"
EndProject
Project("{FAE04EC0-301F-11D3-BF4B-00C04F79EFBC}") = "Alertas.Infra", "Alertas.Infra\Alertas.Infra.csproj", "{091574DE-8990-4B44-B8D6-4092195FE4C7}"
EndProject
Project("{FAE04EC0-301F-11D3-BF4B-00C04F79EFBC}") = "Alertas.API", "Alertas.API\Alertas.API.csproj", "{0195AEFC-8A04-4D8E-8933-C23A185C2892}"
EndProject
Project("{FAE04EC0-301F-11D3-BF4B-00C04F79EFBC}") = "Alertas.Subscriber", "Alertas.Subscriber\Alertas.Subscriber.csproj", "{34132553-1697-4771-8240-228F90E64DC4}"
EndProject
Global
	GlobalSection(SolutionConfigurationPlatforms) = preSolution
		Debug|Any CPU = Debug|Any CPU
		Release|Any CPU = Release|Any CPU
	EndGlobalSection
	GlobalSection(ProjectConfigurationPlatforms) = postSolution
		{92EF9653-FA81-4D3C-9ADD-3689F95CB572}.Debug|Any CPU.ActiveCfg = Debug|Any CPU
		{92EF9653-FA81-4D3C-9ADD-3689F95CB572}.Debug|Any CPU.Build.0 = Debug|Any CPU
		{92EF9653-FA81-4D3C-9ADD-3689F95CB572}.Release|Any CPU.ActiveCfg = Release|Any CPU
		{92EF9653-FA81-4D3C-9ADD-3689F95CB572}.Release|Any CPU.Build.0 = Release|Any CPU
		{D4D9F762-1321-46CA-A440-9E29994D0AC8}.Debug|Any CPU.ActiveCfg = Debug|Any CPU
		{D4D9F762-1321-46CA-A440-9E29994D0AC8}.Debug|Any CPU.Build.0 = Debug|Any CPU
		{D4D9F762-1321-46CA-A440-9E29994D0AC8}.Release|Any CPU.ActiveCfg = Release|Any CPU
		{D4D9F762-1321-46CA-A440-9E29994D0AC8}.Release|Any CPU.Build.0 = Release|Any CPU
		{091574DE-8990-4B44-B8D6-4092195FE4C7}.Debug|Any CPU.ActiveCfg = Debug|Any CPU
		{091574DE-8990-4B44-B8D6-4092195FE4C7}.Debug|Any CPU.Build.0 = Debug|Any CPU
		{091574DE-8990-4B44-B8D6-4092195FE4C7}.Release|Any CPU.ActiveCfg = Release|Any CPU
		{091574DE-8990-4B44-B8D6-4092195FE4C7}.Release|Any CPU.Build.0 = Release|Any CPU
		{0195AEFC-8A04-4D8E-8933-C23A185C2892}.Debug|Any CPU.ActiveCfg = Debug|Any CPU
		{0195AEFC-8A04-4D8E-8933-C23A185C2892}.Debug|Any CPU.Build.0 = Debug|Any CPU
		{0195AEFC-8A04-4D8E-8933-C23A185C2892}.Release|Any CPU.ActiveCfg = Release|Any CPU
		{0195AEFC-8A04-4D8E-8933-C23A185C2892}.Release|Any CPU.Build.0 = Release|Any CPU
		{34132553-1697-4771-8240-228F90E64DC4}.Debug|Any CPU.ActiveCfg = Debug|Any CPU
		{34132553-1697-4771-8240-228F90E64DC4}.Debug|Any CPU.Build.0 = Debug|Any CPU
		{34132553-1697-4771-8240-228F90E64DC4}.Release|Any CPU.ActiveCfg = Release|Any CPU
		{34132553-1697-4771-8240-228F90E64DC4}.Release|Any CPU.Build.0 = Release|Any CPU
	EndGlobalSection
	GlobalSection(SolutionProperties) = preSolution
		HideSolutionNode = FALSE
	EndGlobalSection
	GlobalSection(NestedProjects) = preSolution
		{92EF9653-FA81-4D3C-9ADD-3689F95CB572} = {02EA681E-C7D8-13C7-8484-4AC65E1B71E8}
		{D4D9F762-1321-46CA-A440-9E29994D0AC8} = {128D28F9-CCEE-4E0A-A94C-7325423B6D84}
		{091574DE-8990-4B44-B8D6-4092195FE4C7} = {97B94126-4882-4DB2-8B14-B8CA3C688F5B}
		{0195AEFC-8A04-4D8E-8933-C23A185C2892} = {65C5CB92-5E58-404B-9404-D7F26E6AE0C1}
		{34132553-1697-4771-8240-228F90E64DC4} = {58D612D5-E4FD-4FE0-8543-59145FC14AA3}
	EndGlobalSection
	GlobalSection(ExtensibilityGlobals) = postSolution
		SolutionGuid = {4DA6AAB5-DD40-4AC9-8B3D-85648EA80AFD}
	EndGlobalSection
EndGlobal
